
Microsoft Visual Studio Solution File, Format Version 12.00
Project("{FAE04EC0-301F-11D3-BF4B-00C04F79EFBC}") = "Lab_1", "Lab_1\Lab_1.csproj", "{C2678DFD-EC03-4C61-9FA6-3FEA018EB5A6}"
EndProject
Project("{FAE04EC0-301F-11D3-BF4B-00C04F79EFBC}") = "Lab_2", "Lab_2\Lab_2.csproj", "{4BF67F0F-2A06-4347-A2C0-C2C7FB25FFB7}"
EndProject
Global
	GlobalSection(SolutionConfigurationPlatforms) = preSolution
		Debug|Any CPU = Debug|Any CPU
		Release|Any CPU = Release|Any CPU
	EndGlobalSection
	GlobalSection(ProjectConfigurationPlatforms) = postSolution
		{C2678DFD-EC03-4C61-9FA6-3FEA018EB5A6}.Debug|Any CPU.ActiveCfg = Debug|Any CPU
		{C2678DFD-EC03-4C61-9FA6-3FEA018EB5A6}.Debug|Any CPU.Build.0 = Debug|Any CPU
		{C2678DFD-EC03-4C61-9FA6-3FEA018EB5A6}.Release|Any CPU.ActiveCfg = Release|Any CPU
		{C2678DFD-EC03-4C61-9FA6-3FEA018EB5A6}.Release|Any CPU.Build.0 = Release|Any CPU
		{4BF67F0F-2A06-4347-A2C0-C2C7FB25FFB7}.Debug|Any CPU.ActiveCfg = Debug|Any CPU
		{4BF67F0F-2A06-4347-A2C0-C2C7FB25FFB7}.Debug|Any CPU.Build.0 = Debug|Any CPU
		{4BF67F0F-2A06-4347-A2C0-C2C7FB25FFB7}.Release|Any CPU.ActiveCfg = Release|Any CPU
		{4BF67F0F-2A06-4347-A2C0-C2C7FB25FFB7}.Release|Any CPU.Build.0 = Release|Any CPU
	EndGlobalSection
EndGlobal
